// !$*UTF8*$!
{
	archiveVersion = 1;
	classes = {
	};
	objectVersion = 56;
	objects = {

/* Begin PBXBuildFile section */
		0FD6889629C5F2CB00EDF404 /* quickreadApp.swift in Sources */ = {isa = PBXBuildFile; fileRef = 0FD6889529C5F2CB00EDF404 /* quickreadApp.swift */; };
		0FD6889829C5F2CB00EDF404 /* ContentView.swift in Sources */ = {isa = PBXBuildFile; fileRef = 0FD6889729C5F2CB00EDF404 /* ContentView.swift */; };
		0FD6889A29C5F2CD00EDF404 /* Assets.xcassets in Resources */ = {isa = PBXBuildFile; fileRef = 0FD6889929C5F2CD00EDF404 /* Assets.xcassets */; };
		0FD6889D29C5F2CD00EDF404 /* Preview Assets.xcassets in Resources */ = {isa = PBXBuildFile; fileRef = 0FD6889C29C5F2CD00EDF404 /* Preview Assets.xcassets */; };
		0FD688A729C5F2CD00EDF404 /* quickreadTests.swift in Sources */ = {isa = PBXBuildFile; fileRef = 0FD688A629C5F2CD00EDF404 /* quickreadTests.swift */; };
		0FD688B129C5F2CD00EDF404 /* quickreadUITests.swift in Sources */ = {isa = PBXBuildFile; fileRef = 0FD688B029C5F2CD00EDF404 /* quickreadUITests.swift */; };
		0FD688B329C5F2CD00EDF404 /* quickreadUITestsLaunchTests.swift in Sources */ = {isa = PBXBuildFile; fileRef = 0FD688B229C5F2CD00EDF404 /* quickreadUITestsLaunchTests.swift */; };
		0FD688C029C5F3B900EDF404 /* SearchBarView.swift in Sources */ = {isa = PBXBuildFile; fileRef = 0FD688BF29C5F3B900EDF404 /* SearchBarView.swift */; };
		0FD688C229C5F3F600EDF404 /* FeaturedContentView.swift in Sources */ = {isa = PBXBuildFile; fileRef = 0FD688C129C5F3F600EDF404 /* FeaturedContentView.swift */; };
		0FD688C429C5F46700EDF404 /* BookView.swift in Sources */ = {isa = PBXBuildFile; fileRef = 0FD688C329C5F46700EDF404 /* BookView.swift */; };
		0FD688C929C61AC300EDF404 /* the_crowd.epub in Resources */ = {isa = PBXBuildFile; fileRef = 0FD688C829C61AC300EDF404 /* the_crowd.epub */; };
		B91E95BD0EAF0FB27A9020C2 /* Pods_quickread.framework in Frameworks */ = {isa = PBXBuildFile; fileRef = 4819FBD16E4584AC29CF1771 /* Pods_quickread.framework */; };
/* End PBXBuildFile section */

/* Begin PBXContainerItemProxy section */
		0FD688A329C5F2CD00EDF404 /* PBXContainerItemProxy */ = {
			isa = PBXContainerItemProxy;
			containerPortal = 0FD6888A29C5F2CB00EDF404 /* Project object */;
			proxyType = 1;
			remoteGlobalIDString = 0FD6889129C5F2CB00EDF404;
			remoteInfo = quickread;
		};
		0FD688AD29C5F2CD00EDF404 /* PBXContainerItemProxy */ = {
			isa = PBXContainerItemProxy;
			containerPortal = 0FD6888A29C5F2CB00EDF404 /* Project object */;
			proxyType = 1;
			remoteGlobalIDString = 0FD6889129C5F2CB00EDF404;
			remoteInfo = quickread;
		};
/* End PBXContainerItemProxy section */

/* Begin PBXFileReference section */
		0FD6889229C5F2CB00EDF404 /* quickread.app */ = {isa = PBXFileReference; explicitFileType = wrapper.application; includeInIndex = 0; path = quickread.app; sourceTree = BUILT_PRODUCTS_DIR; };
		0FD6889529C5F2CB00EDF404 /* quickreadApp.swift */ = {isa = PBXFileReference; lastKnownFileType = sourcecode.swift; path = quickreadApp.swift; sourceTree = "<group>"; };
		0FD6889729C5F2CB00EDF404 /* ContentView.swift */ = {isa = PBXFileReference; lastKnownFileType = sourcecode.swift; path = ContentView.swift; sourceTree = "<group>"; };
		0FD6889929C5F2CD00EDF404 /* Assets.xcassets */ = {isa = PBXFileReference; lastKnownFileType = folder.assetcatalog; path = Assets.xcassets; sourceTree = "<group>"; };
		0FD6889C29C5F2CD00EDF404 /* Preview Assets.xcassets */ = {isa = PBXFileReference; lastKnownFileType = folder.assetcatalog; path = "Preview Assets.xcassets"; sourceTree = "<group>"; };
		0FD688A229C5F2CD00EDF404 /* quickreadTests.xctest */ = {isa = PBXFileReference; explicitFileType = wrapper.cfbundle; includeInIndex = 0; path = quickreadTests.xctest; sourceTree = BUILT_PRODUCTS_DIR; };
		0FD688A629C5F2CD00EDF404 /* quickreadTests.swift */ = {isa = PBXFileReference; lastKnownFileType = sourcecode.swift; path = quickreadTests.swift; sourceTree = "<group>"; };
		0FD688AC29C5F2CD00EDF404 /* quickreadUITests.xctest */ = {isa = PBXFileReference; explicitFileType = wrapper.cfbundle; includeInIndex = 0; path = quickreadUITests.xctest; sourceTree = BUILT_PRODUCTS_DIR; };
		0FD688B029C5F2CD00EDF404 /* quickreadUITests.swift */ = {isa = PBXFileReference; lastKnownFileType = sourcecode.swift; path = quickreadUITests.swift; sourceTree = "<group>"; };
		0FD688B229C5F2CD00EDF404 /* quickreadUITestsLaunchTests.swift */ = {isa = PBXFileReference; lastKnownFileType = sourcecode.swift; path = quickreadUITestsLaunchTests.swift; sourceTree = "<group>"; };
		0FD688BF29C5F3B900EDF404 /* SearchBarView.swift */ = {isa = PBXFileReference; lastKnownFileType = sourcecode.swift; path = SearchBarView.swift; sourceTree = "<group>"; };
		0FD688C129C5F3F600EDF404 /* FeaturedContentView.swift */ = {isa = PBXFileReference; lastKnownFileType = sourcecode.swift; path = FeaturedContentView.swift; sourceTree = "<group>"; };
		0FD688C329C5F46700EDF404 /* BookView.swift */ = {isa = PBXFileReference; lastKnownFileType = sourcecode.swift; path = BookView.swift; sourceTree = "<group>"; };
		0FD688C829C61AC300EDF404 /* the_crowd.epub */ = {isa = PBXFileReference; lastKnownFileType = file; name = the_crowd.epub; path = ../../../../article_summary/data/input/the_crowd.epub; sourceTree = "<group>"; };
		339440947D202DCFBB827B6D /* Pods-quickread.release.xcconfig */ = {isa = PBXFileReference; includeInIndex = 1; lastKnownFileType = text.xcconfig; name = "Pods-quickread.release.xcconfig"; path = "Target Support Files/Pods-quickread/Pods-quickread.release.xcconfig"; sourceTree = "<group>"; };
		4819FBD16E4584AC29CF1771 /* Pods_quickread.framework */ = {isa = PBXFileReference; explicitFileType = wrapper.framework; includeInIndex = 0; path = Pods_quickread.framework; sourceTree = BUILT_PRODUCTS_DIR; };
		61C5682C759D5BF67DED7E94 /* Pods-quickread.debug.xcconfig */ = {isa = PBXFileReference; includeInIndex = 1; lastKnownFileType = text.xcconfig; name = "Pods-quickread.debug.xcconfig"; path = "Target Support Files/Pods-quickread/Pods-quickread.debug.xcconfig"; sourceTree = "<group>"; };
/* End PBXFileReference section */

/* Begin PBXFrameworksBuildPhase section */
		0FD6888F29C5F2CB00EDF404 /* Frameworks */ = {
			isa = PBXFrameworksBuildPhase;
			buildActionMask = 2147483647;
			files = (
				B91E95BD0EAF0FB27A9020C2 /* Pods_quickread.framework in Frameworks */,
			);
			runOnlyForDeploymentPostprocessing = 0;
		};
		0FD6889F29C5F2CD00EDF404 /* Frameworks */ = {
			isa = PBXFrameworksBuildPhase;
			buildActionMask = 2147483647;
			files = (
			);
			runOnlyForDeploymentPostprocessing = 0;
		};
		0FD688A929C5F2CD00EDF404 /* Frameworks */ = {
			isa = PBXFrameworksBuildPhase;
			buildActionMask = 2147483647;
			files = (
			);
			runOnlyForDeploymentPostprocessing = 0;
		};
/* End PBXFrameworksBuildPhase section */

/* Begin PBXGroup section */
		0FD6888929C5F2CB00EDF404 = {
			isa = PBXGroup;
			children = (
				0FD6889429C5F2CB00EDF404 /* quickread */,
				0FD688AF29C5F2CD00EDF404 /* quickreadUITests */,
				0FD6889329C5F2CB00EDF404 /* Products */,
				E5F95737A20167605A1CA265 /* Pods */,
				526178AB870D7365D39003AA /* Frameworks */,
			);
			sourceTree = "<group>";
		};
		0FD6889329C5F2CB00EDF404 /* Products */ = {
			isa = PBXGroup;
			children = (
				0FD6889229C5F2CB00EDF404 /* quickread.app */,
				0FD688A229C5F2CD00EDF404 /* quickreadTests.xctest */,
				0FD688AC29C5F2CD00EDF404 /* quickreadUITests.xctest */,
			);
			name = Products;
			sourceTree = "<group>";
		};
		0FD6889429C5F2CB00EDF404 /* quickread */ = {
			isa = PBXGroup;
			children = (
				0FD688C529C61A6200EDF404 /* Assets */,
				0FD688BF29C5F3B900EDF404 /* SearchBarView.swift */,
				0FD6889529C5F2CB00EDF404 /* quickreadApp.swift */,
				0FD688C129C5F3F600EDF404 /* FeaturedContentView.swift */,
				0FD6889729C5F2CB00EDF404 /* ContentView.swift */,
				0FD688C329C5F46700EDF404 /* BookView.swift */,
				0FD6889929C5F2CD00EDF404 /* Assets.xcassets */,
				0FD6889B29C5F2CD00EDF404 /* Preview Content */,
			);
			path = quickread;
			sourceTree = "<group>";
		};
		0FD6889B29C5F2CD00EDF404 /* Preview Content */ = {
			isa = PBXGroup;
			children = (
				0FD688A529C5F2CD00EDF404 /* quickreadTests */,
				0FD6889C29C5F2CD00EDF404 /* Preview Assets.xcassets */,
			);
			path = "Preview Content";
			sourceTree = "<group>";
		};
		0FD688A529C5F2CD00EDF404 /* quickreadTests */ = {
			isa = PBXGroup;
			children = (
				0FD688A629C5F2CD00EDF404 /* quickreadTests.swift */,
			);
			path = quickreadTests;
			sourceTree = "<group>";
		};
		0FD688AF29C5F2CD00EDF404 /* quickreadUITests */ = {
			isa = PBXGroup;
			children = (
				0FD688B029C5F2CD00EDF404 /* quickreadUITests.swift */,
				0FD688B229C5F2CD00EDF404 /* quickreadUITestsLaunchTests.swift */,
			);
			path = quickreadUITests;
			sourceTree = "<group>";
		};
		0FD688C529C61A6200EDF404 /* Assets */ = {
			isa = PBXGroup;
			children = (
				0FD688C829C61AC300EDF404 /* the_crowd.epub */,
			);
			path = Assets;
			sourceTree = "<group>";
		};
		526178AB870D7365D39003AA /* Frameworks */ = {
			isa = PBXGroup;
			children = (
				4819FBD16E4584AC29CF1771 /* Pods_quickread.framework */,
			);
			name = Frameworks;
			sourceTree = "<group>";
		};
		E5F95737A20167605A1CA265 /* Pods */ = {
			isa = PBXGroup;
			children = (
				61C5682C759D5BF67DED7E94 /* Pods-quickread.debug.xcconfig */,
				339440947D202DCFBB827B6D /* Pods-quickread.release.xcconfig */,
			);
			path = Pods;
			sourceTree = "<group>";
		};
/* End PBXGroup section */

/* Begin PBXNativeTarget section */
		0FD6889129C5F2CB00EDF404 /* quickread */ = {
			isa = PBXNativeTarget;
			buildConfigurationList = 0FD688B629C5F2CD00EDF404 /* Build configuration list for PBXNativeTarget "quickread" */;
			buildPhases = (
				BB93184B81E6BFB41DBF85BA /* [CP] Check Pods Manifest.lock */,
				0FD6888E29C5F2CB00EDF404 /* Sources */,
				0FD6888F29C5F2CB00EDF404 /* Frameworks */,
				0FD6889029C5F2CB00EDF404 /* Resources */,
				5EF284C6683AD98111B0E62B /* [CP] Embed Pods Frameworks */,
			);
			buildRules = (
			);
			dependencies = (
			);
			name = quickread;
			productName = quickread;
			productReference = 0FD6889229C5F2CB00EDF404 /* quickread.app */;
			productType = "com.apple.product-type.application";
		};
		0FD688A129C5F2CD00EDF404 /* quickreadTests */ = {
			isa = PBXNativeTarget;
			buildConfigurationList = 0FD688B929C5F2CD00EDF404 /* Build configuration list for PBXNativeTarget "quickreadTests" */;
			buildPhases = (
				0FD6889E29C5F2CD00EDF404 /* Sources */,
				0FD6889F29C5F2CD00EDF404 /* Frameworks */,
				0FD688A029C5F2CD00EDF404 /* Resources */,
			);
			buildRules = (
			);
			dependencies = (
				0FD688A429C5F2CD00EDF404 /* PBXTargetDependency */,
			);
			name = quickreadTests;
			productName = quickreadTests;
			productReference = 0FD688A229C5F2CD00EDF404 /* quickreadTests.xctest */;
			productType = "com.apple.product-type.bundle.unit-test";
		};
		0FD688AB29C5F2CD00EDF404 /* quickreadUITests */ = {
			isa = PBXNativeTarget;
			buildConfigurationList = 0FD688BC29C5F2CD00EDF404 /* Build configuration list for PBXNativeTarget "quickreadUITests" */;
			buildPhases = (
				0FD688A829C5F2CD00EDF404 /* Sources */,
				0FD688A929C5F2CD00EDF404 /* Frameworks */,
				0FD688AA29C5F2CD00EDF404 /* Resources */,
			);
			buildRules = (
			);
			dependencies = (
				0FD688AE29C5F2CD00EDF404 /* PBXTargetDependency */,
			);
			name = quickreadUITests;
			productName = quickreadUITests;
			productReference = 0FD688AC29C5F2CD00EDF404 /* quickreadUITests.xctest */;
			productType = "com.apple.product-type.bundle.ui-testing";
		};
/* End PBXNativeTarget section */

/* Begin PBXProject section */
		0FD6888A29C5F2CB00EDF404 /* Project object */ = {
			isa = PBXProject;
			attributes = {
				BuildIndependentTargetsInParallel = 1;
				LastSwiftUpdateCheck = 1420;
				LastUpgradeCheck = 1420;
				TargetAttributes = {
					0FD6889129C5F2CB00EDF404 = {
						CreatedOnToolsVersion = 14.2;
					};
					0FD688A129C5F2CD00EDF404 = {
						CreatedOnToolsVersion = 14.2;
						TestTargetID = 0FD6889129C5F2CB00EDF404;
					};
					0FD688AB29C5F2CD00EDF404 = {
						CreatedOnToolsVersion = 14.2;
						TestTargetID = 0FD6889129C5F2CB00EDF404;
					};
				};
			};
			buildConfigurationList = 0FD6888D29C5F2CB00EDF404 /* Build configuration list for PBXProject "quickread" */;
			compatibilityVersion = "Xcode 14.0";
			developmentRegion = en;
			hasScannedForEncodings = 0;
			knownRegions = (
				en,
				Base,
			);
			mainGroup = 0FD6888929C5F2CB00EDF404;
			productRefGroup = 0FD6889329C5F2CB00EDF404 /* Products */;
			projectDirPath = "";
			projectRoot = "";
			targets = (
				0FD6889129C5F2CB00EDF404 /* quickread */,
				0FD688A129C5F2CD00EDF404 /* quickreadTests */,
				0FD688AB29C5F2CD00EDF404 /* quickreadUITests */,
			);
		};
/* End PBXProject section */

/* Begin PBXResourcesBuildPhase section */
		0FD6889029C5F2CB00EDF404 /* Resources */ = {
			isa = PBXResourcesBuildPhase;
			buildActionMask = 2147483647;
			files = (
				0FD6889D29C5F2CD00EDF404 /* Preview Assets.xcassets in Resources */,
				0FD6889A29C5F2CD00EDF404 /* Assets.xcassets in Resources */,
				0FD688C929C61AC300EDF404 /* the_crowd.epub in Resources */,
			);
			runOnlyForDeploymentPostprocessing = 0;
		};
		0FD688A029C5F2CD00EDF404 /* Resources */ = {
			isa = PBXResourcesBuildPhase;
			buildActionMask = 2147483647;
			files = (
			);
			runOnlyForDeploymentPostprocessing = 0;
		};
		0FD688AA29C5F2CD00EDF404 /* Resources */ = {
			isa = PBXResourcesBuildPhase;
			buildActionMask = 2147483647;
			files = (
			);
			runOnlyForDeploymentPostprocessing = 0;
		};
/* End PBXResourcesBuildPhase section */

/* Begin PBXShellScriptBuildPhase section */
		5EF284C6683AD98111B0E62B /* [CP] Embed Pods Frameworks */ = {
			isa = PBXShellScriptBuildPhase;
			buildActionMask = 2147483647;
			files = (
			);
			inputFileListPaths = (
				"${PODS_ROOT}/Target Support Files/Pods-quickread/Pods-quickread-frameworks-${CONFIGURATION}-input-files.xcfilelist",
			);
			name = "[CP] Embed Pods Frameworks";
			outputFileListPaths = (
				"${PODS_ROOT}/Target Support Files/Pods-quickread/Pods-quickread-frameworks-${CONFIGURATION}-output-files.xcfilelist",
			);
			runOnlyForDeploymentPostprocessing = 0;
			shellPath = /bin/sh;
			shellScript = "\"${PODS_ROOT}/Target Support Files/Pods-quickread/Pods-quickread-frameworks.sh\"\n";
			showEnvVarsInLog = 0;
		};
		BB93184B81E6BFB41DBF85BA /* [CP] Check Pods Manifest.lock */ = {
			isa = PBXShellScriptBuildPhase;
			buildActionMask = 2147483647;
			files = (
			);
			inputFileListPaths = (
			);
			inputPaths = (
				"${PODS_PODFILE_DIR_PATH}/Podfile.lock",
				"${PODS_ROOT}/Manifest.lock",
			);
			name = "[CP] Check Pods Manifest.lock";
			outputFileListPaths = (
			);
			outputPaths = (
				"$(DERIVED_FILE_DIR)/Pods-quickread-checkManifestLockResult.txt",
			);
			runOnlyForDeploymentPostprocessing = 0;
			shellPath = /bin/sh;
			shellScript = "diff \"${PODS_PODFILE_DIR_PATH}/Podfile.lock\" \"${PODS_ROOT}/Manifest.lock\" > /dev/null\nif [ $? != 0 ] ; then\n    # print error to STDERR\n    echo \"error: The sandbox is not in sync with the Podfile.lock. Run 'pod install' or update your CocoaPods installation.\" >&2\n    exit 1\nfi\n# This output is used by Xcode 'outputs' to avoid re-running this script phase.\necho \"SUCCESS\" > \"${SCRIPT_OUTPUT_FILE_0}\"\n";
			showEnvVarsInLog = 0;
		};
/* End PBXShellScriptBuildPhase section */

/* Begin PBXSourcesBuildPhase section */
		0FD6888E29C5F2CB00EDF404 /* Sources */ = {
			isa = PBXSourcesBuildPhase;
			buildActionMask = 2147483647;
			files = (
				0FD6889829C5F2CB00EDF404 /* ContentView.swift in Sources */,
				0FD688C029C5F3B900EDF404 /* SearchBarView.swift in Sources */,
				0FD688C229C5F3F600EDF404 /* FeaturedContentView.swift in Sources */,
				0FD6889629C5F2CB00EDF404 /* quickreadApp.swift in Sources */,
				0FD688C429C5F46700EDF404 /* BookView.swift in Sources */,
			);
			runOnlyForDeploymentPostprocessing = 0;
		};
		0FD6889E29C5F2CD00EDF404 /* Sources */ = {
			isa = PBXSourcesBuildPhase;
			buildActionMask = 2147483647;
			files = (
				0FD688A729C5F2CD00EDF404 /* quickreadTests.swift in Sources */,
			);
			runOnlyForDeploymentPostprocessing = 0;
		};
		0FD688A829C5F2CD00EDF404 /* Sources */ = {
			isa = PBXSourcesBuildPhase;
			buildActionMask = 2147483647;
			files = (
				0FD688B329C5F2CD00EDF404 /* quickreadUITestsLaunchTests.swift in Sources */,
				0FD688B129C5F2CD00EDF404 /* quickreadUITests.swift in Sources */,
			);
			runOnlyForDeploymentPostprocessing = 0;
		};
/* End PBXSourcesBuildPhase section */

/* Begin PBXTargetDependency section */
		0FD688A429C5F2CD00EDF404 /* PBXTargetDependency */ = {
			isa = PBXTargetDependency;
			target = 0FD6889129C5F2CB00EDF404 /* quickread */;
			targetProxy = 0FD688A329C5F2CD00EDF404 /* PBXContainerItemProxy */;
		};
		0FD688AE29C5F2CD00EDF404 /* PBXTargetDependency */ = {
			isa = PBXTargetDependency;
			target = 0FD6889129C5F2CB00EDF404 /* quickread */;
			targetProxy = 0FD688AD29C5F2CD00EDF404 /* PBXContainerItemProxy */;
		};
/* End PBXTargetDependency section */

/* Begin XCBuildConfiguration section */
		0FD688B429C5F2CD00EDF404 /* Debug */ = {
			isa = XCBuildConfiguration;
			buildSettings = {
				ALWAYS_SEARCH_USER_PATHS = NO;
				CLANG_ANALYZER_NONNULL = YES;
				CLANG_ANALYZER_NUMBER_OBJECT_CONVERSION = YES_AGGRESSIVE;
				CLANG_CXX_LANGUAGE_STANDARD = "gnu++20";
				CLANG_ENABLE_MODULES = YES;
				CLANG_ENABLE_OBJC_ARC = YES;
				CLANG_ENABLE_OBJC_WEAK = YES;
				CLANG_WARN_BLOCK_CAPTURE_AUTORELEASING = YES;
				CLANG_WARN_BOOL_CONVERSION = YES;
				CLANG_WARN_COMMA = YES;
				CLANG_WARN_CONSTANT_CONVERSION = YES;
				CLANG_WARN_DEPRECATED_OBJC_IMPLEMENTATIONS = YES;
				CLANG_WARN_DIRECT_OBJC_ISA_USAGE = YES_ERROR;
				CLANG_WARN_DOCUMENTATION_COMMENTS = YES;
				CLANG_WARN_EMPTY_BODY = YES;
				CLANG_WARN_ENUM_CONVERSION = YES;
				CLANG_WARN_INFINITE_RECURSION = YES;
				CLANG_WARN_INT_CONVERSION = YES;
				CLANG_WARN_NON_LITERAL_NULL_CONVERSION = YES;
				CLANG_WARN_OBJC_IMPLICIT_RETAIN_SELF = YES;
				CLANG_WARN_OBJC_LITERAL_CONVERSION = YES;
				CLANG_WARN_OBJC_ROOT_CLASS = YES_ERROR;
				CLANG_WARN_QUOTED_INCLUDE_IN_FRAMEWORK_HEADER = YES;
				CLANG_WARN_RANGE_LOOP_ANALYSIS = YES;
				CLANG_WARN_STRICT_PROTOTYPES = YES;
				CLANG_WARN_SUSPICIOUS_MOVE = YES;
				CLANG_WARN_UNGUARDED_AVAILABILITY = YES_AGGRESSIVE;
				CLANG_WARN_UNREACHABLE_CODE = YES;
				CLANG_WARN__DUPLICATE_METHOD_MATCH = YES;
				COPY_PHASE_STRIP = NO;
				DEBUG_INFORMATION_FORMAT = dwarf;
				ENABLE_STRICT_OBJC_MSGSEND = YES;
				ENABLE_TESTABILITY = YES;
				GCC_C_LANGUAGE_STANDARD = gnu11;
				GCC_DYNAMIC_NO_PIC = NO;
				GCC_NO_COMMON_BLOCKS = YES;
				GCC_OPTIMIZATION_LEVEL = 0;
				GCC_PREPROCESSOR_DEFINITIONS = (
					"DEBUG=1",
					"$(inherited)",
				);
				GCC_WARN_64_TO_32_BIT_CONVERSION = YES;
				GCC_WARN_ABOUT_RETURN_TYPE = YES_ERROR;
				GCC_WARN_UNDECLARED_SELECTOR = YES;
				GCC_WARN_UNINITIALIZED_AUTOS = YES_AGGRESSIVE;
				GCC_WARN_UNUSED_FUNCTION = YES;
				GCC_WARN_UNUSED_VARIABLE = YES;
				IPHONEOS_DEPLOYMENT_TARGET = 16.2;
				MTL_ENABLE_DEBUG_INFO = INCLUDE_SOURCE;
				MTL_FAST_MATH = YES;
				ONLY_ACTIVE_ARCH = YES;
				SDKROOT = iphoneos;
				SWIFT_ACTIVE_COMPILATION_CONDITIONS = DEBUG;
				SWIFT_OPTIMIZATION_LEVEL = "-Onone";
			};
			name = Debug;
		};
		0FD688B529C5F2CD00EDF404 /* Release */ = {
			isa = XCBuildConfiguration;
			buildSettings = {
				ALWAYS_SEARCH_USER_PATHS = NO;
				CLANG_ANALYZER_NONNULL = YES;
				CLANG_ANALYZER_NUMBER_OBJECT_CONVERSION = YES_AGGRESSIVE;
				CLANG_CXX_LANGUAGE_STANDARD = "gnu++20";
				CLANG_ENABLE_MODULES = YES;
				CLANG_ENABLE_OBJC_ARC = YES;
				CLANG_ENABLE_OBJC_WEAK = YES;
				CLANG_WARN_BLOCK_CAPTURE_AUTORELEASING = YES;
				CLANG_WARN_BOOL_CONVERSION = YES;
				CLANG_WARN_COMMA = YES;
				CLANG_WARN_CONSTANT_CONVERSION = YES;
				CLANG_WARN_DEPRECATED_OBJC_IMPLEMENTATIONS = YES;
				CLANG_WARN_DIRECT_OBJC_ISA_USAGE = YES_ERROR;
				CLANG_WARN_DOCUMENTATION_COMMENTS = YES;
				CLANG_WARN_EMPTY_BODY = YES;
				CLANG_WARN_ENUM_CONVERSION = YES;
				CLANG_WARN_INFINITE_RECURSION = YES;
				CLANG_WARN_INT_CONVERSION = YES;
				CLANG_WARN_NON_LITERAL_NULL_CONVERSION = YES;
				CLANG_WARN_OBJC_IMPLICIT_RETAIN_SELF = YES;
				CLANG_WARN_OBJC_LITERAL_CONVERSION = YES;
				CLANG_WARN_OBJC_ROOT_CLASS = YES_ERROR;
				CLANG_WARN_QUOTED_INCLUDE_IN_FRAMEWORK_HEADER = YES;
				CLANG_WARN_RANGE_LOOP_ANALYSIS = YES;
				CLANG_WARN_STRICT_PROTOTYPES = YES;
				CLANG_WARN_SUSPICIOUS_MOVE = YES;
				CLANG_WARN_UNGUARDED_AVAILABILITY = YES_AGGRESSIVE;
				CLANG_WARN_UNREACHABLE_CODE = YES;
				CLANG_WARN__DUPLICATE_METHOD_MATCH = YES;
				COPY_PHASE_STRIP = NO;
				DEBUG_INFORMATION_FORMAT = "dwarf-with-dsym";
				ENABLE_NS_ASSERTIONS = NO;
				ENABLE_STRICT_OBJC_MSGSEND = YES;
				GCC_C_LANGUAGE_STANDARD = gnu11;
				GCC_NO_COMMON_BLOCKS = YES;
				GCC_WARN_64_TO_32_BIT_CONVERSION = YES;
				GCC_WARN_ABOUT_RETURN_TYPE = YES_ERROR;
				GCC_WARN_UNDECLARED_SELECTOR = YES;
				GCC_WARN_UNINITIALIZED_AUTOS = YES_AGGRESSIVE;
				GCC_WARN_UNUSED_FUNCTION = YES;
				GCC_WARN_UNUSED_VARIABLE = YES;
				IPHONEOS_DEPLOYMENT_TARGET = 16.2;
				MTL_ENABLE_DEBUG_INFO = NO;
				MTL_FAST_MATH = YES;
				SDKROOT = iphoneos;
				SWIFT_COMPILATION_MODE = wholemodule;
				SWIFT_OPTIMIZATION_LEVEL = "-O";
				VALIDATE_PRODUCT = YES;
			};
			name = Release;
		};
		0FD688B729C5F2CD00EDF404 /* Debug */ = {
			isa = XCBuildConfiguration;
			baseConfigurationReference = 61C5682C759D5BF67DED7E94 /* Pods-quickread.debug.xcconfig */;
			buildSettings = {
				ASSETCATALOG_COMPILER_APPICON_NAME = AppIcon;
				ASSETCATALOG_COMPILER_GLOBAL_ACCENT_COLOR_NAME = AccentColor;
				CODE_SIGN_STYLE = Automatic;
				CURRENT_PROJECT_VERSION = 1;
				DEVELOPMENT_ASSET_PATHS = "\"quickread/Preview Content\"";
				DEVELOPMENT_TEAM = 4W45KLCP39;
				ENABLE_PREVIEWS = YES;
				GENERATE_INFOPLIST_FILE = YES;
				INFOPLIST_KEY_UIApplicationSceneManifest_Generation = YES;
				INFOPLIST_KEY_UIApplicationSupportsIndirectInputEvents = YES;
				INFOPLIST_KEY_UILaunchScreen_Generation = YES;
				INFOPLIST_KEY_UISupportedInterfaceOrientations_iPad = "UIInterfaceOrientationPortrait UIInterfaceOrientationPortraitUpsideDown UIInterfaceOrientationLandscapeLeft UIInterfaceOrientationLandscapeRight";
				INFOPLIST_KEY_UISupportedInterfaceOrientations_iPhone = "UIInterfaceOrientationPortrait UIInterfaceOrientationLandscapeLeft UIInterfaceOrientationLandscapeRight";
				LD_RUNPATH_SEARCH_PATHS = (
					"$(inherited)",
					"@executable_path/Frameworks",
				);
				MARKETING_VERSION = 1.0;
				PRODUCT_BUNDLE_IDENTIFIER = com.liq.quickread;
				PRODUCT_NAME = "$(TARGET_NAME)";
				SWIFT_EMIT_LOC_STRINGS = YES;
				SWIFT_VERSION = 5.0;
				TARGETED_DEVICE_FAMILY = "1,2";
			};
			name = Debug;
		};
		0FD688B829C5F2CD00EDF404 /* Release */ = {
			isa = XCBuildConfiguration;
			baseConfigurationReference = 339440947D202DCFBB827B6D /* Pods-quickread.release.xcconfig */;
			buildSettings = {
				ASSETCATALOG_COMPILER_APPICON_NAME = AppIcon;
				ASSETCATALOG_COMPILER_GLOBAL_ACCENT_COLOR_NAME = AccentColor;
				CODE_SIGN_STYLE = Automatic;
				CURRENT_PROJECT_VERSION = 1;
				DEVELOPMENT_ASSET_PATHS = "\"quickread/Preview Content\"";
				DEVELOPMENT_TEAM = 4W45KLCP39;
				ENABLE_PREVIEWS = YES;
				GENERATE_INFOPLIST_FILE = YES;
				INFOPLIST_KEY_UIApplicationSceneManifest_Generation = YES;
				INFOPLIST_KEY_UIApplicationSupportsIndirectInputEvents = YES;
				INFOPLIST_KEY_UILaunchScreen_Generation = YES;
				INFOPLIST_KEY_UISupportedInterfaceOrientations_iPad = "UIInterfaceOrientationPortrait UIInterfaceOrientationPortraitUpsideDown UIInterfaceOrientationLandscapeLeft UIInterfaceOrientationLandscapeRight";
				INFOPLIST_KEY_UISupportedInterfaceOrientations_iPhone = "UIInterfaceOrientationPortrait UIInterfaceOrientationLandscapeLeft UIInterfaceOrientationLandscapeRight";
				LD_RUNPATH_SEARCH_PATHS = (
					"$(inherited)",
					"@executable_path/Frameworks",
				);
				MARKETING_VERSION = 1.0;
				PRODUCT_BUNDLE_IDENTIFIER = com.liq.quickread;
				PRODUCT_NAME = "$(TARGET_NAME)";
				SWIFT_EMIT_LOC_STRINGS = YES;
				SWIFT_VERSION = 5.0;
				TARGETED_DEVICE_FAMILY = "1,2";
			};
			name = Release;
		};
		0FD688BA29C5F2CD00EDF404 /* Debug */ = {
			isa = XCBuildConfiguration;
			buildSettings = {
				ALWAYS_EMBED_SWIFT_STANDARD_LIBRARIES = YES;
				BUNDLE_LOADER = "$(TEST_HOST)";
				CODE_SIGN_STYLE = Automatic;
				CURRENT_PROJECT_VERSION = 1;
				GENERATE_INFOPLIST_FILE = YES;
				IPHONEOS_DEPLOYMENT_TARGET = 16.2;
				MARKETING_VERSION = 1.0;
				PRODUCT_BUNDLE_IDENTIFIER = com.liq.quickreadTests;
				PRODUCT_NAME = "$(TARGET_NAME)";
				SWIFT_EMIT_LOC_STRINGS = NO;
				SWIFT_VERSION = 5.0;
				TARGETED_DEVICE_FAMILY = "1,2";
				TEST_HOST = "$(BUILT_PRODUCTS_DIR)/quickread.app/$(BUNDLE_EXECUTABLE_FOLDER_PATH)/quickread";
			};
			name = Debug;
		};
		0FD688BB29C5F2CD00EDF404 /* Release */ = {
			isa = XCBuildConfiguration;
			buildSettings = {
				ALWAYS_EMBED_SWIFT_STANDARD_LIBRARIES = YES;
				BUNDLE_LOADER = "$(TEST_HOST)";
				CODE_SIGN_STYLE = Automatic;
				CURRENT_PROJECT_VERSION = 1;
				GENERATE_INFOPLIST_FILE = YES;
				IPHONEOS_DEPLOYMENT_TARGET = 16.2;
				MARKETING_VERSION = 1.0;
				PRODUCT_BUNDLE_IDENTIFIER = com.liq.quickreadTests;
				PRODUCT_NAME = "$(TARGET_NAME)";
				SWIFT_EMIT_LOC_STRINGS = NO;
				SWIFT_VERSION = 5.0;
				TARGETED_DEVICE_FAMILY = "1,2";
				TEST_HOST = "$(BUILT_PRODUCTS_DIR)/quickread.app/$(BUNDLE_EXECUTABLE_FOLDER_PATH)/quickread";
			};
			name = Release;
		};
		0FD688BD29C5F2CD00EDF404 /* Debug */ = {
			isa = XCBuildConfiguration;
			buildSettings = {
				ALWAYS_EMBED_SWIFT_STANDARD_LIBRARIES = YES;
				CODE_SIGN_STYLE = Automatic;
				CURRENT_PROJECT_VERSION = 1;
				GENERATE_INFOPLIST_FILE = YES;
				MARKETING_VERSION = 1.0;
				PRODUCT_BUNDLE_IDENTIFIER = com.liq.quickreadUITests;
				PRODUCT_NAME = "$(TARGET_NAME)";
				SWIFT_EMIT_LOC_STRINGS = NO;
				SWIFT_VERSION = 5.0;
				TARGETED_DEVICE_FAMILY = "1,2";
				TEST_TARGET_NAME = quickread;
			};
			name = Debug;
		};
		0FD688BE29C5F2CD00EDF404 /* Release */ = {
			isa = XCBuildConfiguration;
			buildSettings = {
				ALWAYS_EMBED_SWIFT_STANDARD_LIBRARIES = YES;
				CODE_SIGN_STYLE = Automatic;
				CURRENT_PROJECT_VERSION = 1;
				GENERATE_INFOPLIST_FILE = YES;
				MARKETING_VERSION = 1.0;
				PRODUCT_BUNDLE_IDENTIFIER = com.liq.quickreadUITests;
				PRODUCT_NAME = "$(TARGET_NAME)";
				SWIFT_EMIT_LOC_STRINGS = NO;
				SWIFT_VERSION = 5.0;
				TARGETED_DEVICE_FAMILY = "1,2";
				TEST_TARGET_NAME = quickread;
			};
			name = Release;
		};
/* End XCBuildConfiguration section */

/* Begin XCConfigurationList section */
		0FD6888D29C5F2CB00EDF404 /* Build configuration list for PBXProject "quickread" */ = {
			isa = XCConfigurationList;
			buildConfigurations = (
				0FD688B429C5F2CD00EDF404 /* Debug */,
				0FD688B529C5F2CD00EDF404 /* Release */,
			);
			defaultConfigurationIsVisible = 0;
			defaultConfigurationName = Release;
		};
		0FD688B629C5F2CD00EDF404 /* Build configuration list for PBXNativeTarget "quickread" */ = {
			isa = XCConfigurationList;
			buildConfigurations = (
				0FD688B729C5F2CD00EDF404 /* Debug */,
				0FD688B829C5F2CD00EDF404 /* Release */,
			);
			defaultConfigurationIsVisible = 0;
			defaultConfigurationName = Release;
		};
		0FD688B929C5F2CD00EDF404 /* Build configuration list for PBXNativeTarget "quickreadTests" */ = {
			isa = XCConfigurationList;
			buildConfigurations = (
				0FD688BA29C5F2CD00EDF404 /* Debug */,
				0FD688BB29C5F2CD00EDF404 /* Release */,
			);
			defaultConfigurationIsVisible = 0;
			defaultConfigurationName = Release;
		};
		0FD688BC29C5F2CD00EDF404 /* Build configuration list for PBXNativeTarget "quickreadUITests" */ = {
			isa = XCConfigurationList;
			buildConfigurations = (
				0FD688BD29C5F2CD00EDF404 /* Debug */,
				0FD688BE29C5F2CD00EDF404 /* Release */,
			);
			defaultConfigurationIsVisible = 0;
			defaultConfigurationName = Release;
		};
/* End XCConfigurationList section */
	};
	rootObject = 0FD6888A29C5F2CB00EDF404 /* Project object */;
}
